// !$*UTF8*$!
{
	archiveVersion = 1;
	classes = {
	};
	objectVersion = 77;
	objects = {

/* Begin PBXBuildFile section */
		53495AB62F7B992C00BD31AD /* SwiftTerm in Frameworks */ = {isa = PBXBuildFile; productRef = 53SWIFTTERM0001 /* SwiftTerm */; };
		53C0F21B3050ED2E00934DA3 /* scarf-projects-mcp in Frameworks */ = {isa = PBXBuildFile; productRef = 53PROJMCP0001 /* scarf-projects-mcp */; };
		53MARKER00010 /* Marker in Frameworks */ = {isa = PBXBuildFile; productRef = 53MARKER00001 /* Marker */; };
		53PROJMCP0010 /* scarf-projects-mcp in Embed scarf-projects-mcp */ = {isa = PBXBuildFile; productRef = 53PROJMCP0001 /* scarf-projects-mcp */; settings = {ATTRIBUTES = (CodeSignOnCopy, ); }; };
		53SCARFCORE0010 /* ScarfCore in Frameworks */ = {isa = PBXBuildFile; productRef = 53SCARFCORE0001 /* ScarfCore */; };
		53SCARFCORE0011 /* ScarfCore in Frameworks */ = {isa = PBXBuildFile; productRef = 53SCARFCORE0002 /* ScarfCore */; };
		53SCARFDESIGN0010 /* ScarfDesign in Frameworks */ = {isa = PBXBuildFile; productRef = 53SCARFDESIGN0001 /* ScarfDesign */; };
		53SCARFDESIGN0011 /* ScarfDesign in Frameworks */ = {isa = PBXBuildFile; productRef = 53SCARFDESIGN0002 /* ScarfDesign */; };
		53SCARFIOS0010 /* ScarfIOS in Frameworks */ = {isa = PBXBuildFile; productRef = 53SCARFIOS0001 /* ScarfIOS */; };
		53SPARKLE00010 /* Sparkle in Frameworks */ = {isa = PBXBuildFile; productRef = 53SPARKLE00011 /* Sparkle */; };
		53SWIFTSTATS0010 /* Stats in Frameworks */ = {isa = PBXBuildFile; productRef = 53SWIFTSTATS0001 /* Stats */; };
		53SWIFTSTATS0011 /* StatsCloudflare in Frameworks */ = {isa = PBXBuildFile; productRef = 53SWIFTSTATS0002 /* StatsCloudflare */; };
		53SWIFTSTATS0012 /* Stats in Frameworks */ = {isa = PBXBuildFile; productRef = 53SWIFTSTATS0003 /* Stats */; };
		53SWIFTSTATS0013 /* StatsTesting in Frameworks */ = {isa = PBXBuildFile; productRef = 53SWIFTSTATS0004 /* StatsTesting */; };
/* End PBXBuildFile section */

/* Begin PBXContainerItemProxy section */
		4EAC233A2F99930100654F42 /* PBXContainerItemProxy */ = {
			isa = PBXContainerItemProxy;
			containerPortal = 534959382F7B83B600BD31AD /* Project object */;
			proxyType = 1;
			remoteGlobalIDString = 4EAC23282F99930000654F42;
			remoteInfo = "Scarf iOS";
		};
		4EAC23442F99930100654F42 /* PBXContainerItemProxy */ = {
			isa = PBXContainerItemProxy;
			containerPortal = 534959382F7B83B600BD31AD /* Project object */;
			proxyType = 1;
			remoteGlobalIDString = 4EAC23282F99930000654F42;
			remoteInfo = "Scarf iOS";
		};
		534959502F7B83B700BD31AD /* PBXContainerItemProxy */ = {
			isa = PBXContainerItemProxy;
			containerPortal = 534959382F7B83B600BD31AD /* Project object */;
			proxyType = 1;
			remoteGlobalIDString = 5349593F2F7B83B600BD31AD;
			remoteInfo = scarf;
		};
		5349595A2F7B83B700BD31AD /* PBXContainerItemProxy */ = {
			isa = PBXContainerItemProxy;
			containerPortal = 534959382F7B83B600BD31AD /* Project object */;
			proxyType = 1;
			remoteGlobalIDString = 5349593F2F7B83B600BD31AD;
			remoteInfo = scarf;
		};
/* End PBXContainerItemProxy section */

/* Begin PBXCopyFilesBuildPhase section */
		53PROJMCP0030 /* Embed scarf-projects-mcp */ = {
			isa = PBXCopyFilesBuildPhase;
			buildActionMask = 2147483647;
			dstPath = Contents/Helpers;
			dstSubfolderSpec = 1;
			files = (
				53PROJMCP0010 /* scarf-projects-mcp in Embed scarf-projects-mcp */,
			);
			name = "Embed scarf-projects-mcp";
			runOnlyForDeploymentPostprocessing = 0;
		};
/* End PBXCopyFilesBuildPhase section */

/* Begin PBXFileReference section */
		4EAC23292F99930000654F42 /* scarf mobile.app */ = {isa = PBXFileReference; explicitFileType = wrapper.application; includeInIndex = 0; path = "scarf mobile.app"; sourceTree = BUILT_PRODUCTS_DIR; };
		4EAC23392F99930100654F42 /* Scarf iOSTests.xctest */ = {isa = PBXFileReference; explicitFileType = wrapper.cfbundle; includeInIndex = 0; path = "Scarf iOSTests.xctest"; sourceTree = BUILT_PRODUCTS_DIR; };
		4EAC23432F99930100654F42 /* Scarf iOSUITests.xctest */ = {isa = PBXFileReference; explicitFileType = wrapper.cfbundle; includeInIndex = 0; path = "Scarf iOSUITests.xctest"; sourceTree = BUILT_PRODUCTS_DIR; };
		534959402F7B83B600BD31AD /* scarf.app */ = {isa = PBXFileReference; explicitFileType = wrapper.application; includeInIndex = 0; path = scarf.app; sourceTree = BUILT_PRODUCTS_DIR; };
		5349594F2F7B83B700BD31AD /* scarfTests.xctest */ = {isa = PBXFileReference; explicitFileType = wrapper.cfbundle; includeInIndex = 0; path = scarfTests.xctest; sourceTree = BUILT_PRODUCTS_DIR; };
		534959592F7B83B700BD31AD /* scarfUITests.xctest */ = {isa = PBXFileReference; explicitFileType = wrapper.cfbundle; includeInIndex = 0; path = scarfUITests.xctest; sourceTree = BUILT_PRODUCTS_DIR; };
		53CF9001000000000000A001 /* SwiftStats.xcconfig */ = {isa = PBXFileReference; lastKnownFileType = text.xcconfig; path = SwiftStats.xcconfig; sourceTree = "<group>"; };
/* End PBXFileReference section */

/* Begin PBXFileSystemSynchronizedBuildFileExceptionSet section */
		4EAC234B2F99930100654F42 /* Exceptions for "Scarf iOS" folder in "scarf mobile" target */ = {
			isa = PBXFileSystemSynchronizedBuildFileExceptionSet;
			membershipExceptions = (
				Info.plist,
			);
			target = 4EAC23282F99930000654F42 /* scarf mobile */;
		};
		534959AA2F7B83B600BD31AD /* Exceptions for "scarf" folder in "scarf" target */ = {
			isa = PBXFileSystemSynchronizedBuildFileExceptionSet;
			membershipExceptions = (
				Info.plist,
			);
			target = 5349593F2F7B83B600BD31AD /* scarf */;
		};
/* End PBXFileSystemSynchronizedBuildFileExceptionSet section */

/* Begin PBXFileSystemSynchronizedRootGroup section */
		4EAC232A2F99930000654F42 /* Scarf iOS */ = {
			isa = PBXFileSystemSynchronizedRootGroup;
			exceptions = (
				4EAC234B2F99930100654F42 /* Exceptions for "Scarf iOS" folder in "scarf mobile" target */,
			);
			path = "Scarf iOS";
			sourceTree = "<group>";
		};
		4EAC233C2F99930100654F42 /* Scarf iOSTests */ = {
			isa = PBXFileSystemSynchronizedRootGroup;
			path = "Scarf iOSTests";
			sourceTree = "<group>";
		};
		4EAC23462F99930100654F42 /* Scarf iOSUITests */ = {
			isa = PBXFileSystemSynchronizedRootGroup;
			path = "Scarf iOSUITests";
			sourceTree = "<group>";
		};
		534959422F7B83B600BD31AD /* scarf */ = {
			isa = PBXFileSystemSynchronizedRootGroup;
			exceptions = (
				534959AA2F7B83B600BD31AD /* Exceptions for "scarf" folder in "scarf" target */,
			);
			path = scarf;
			sourceTree = "<group>";
		};
		534959522F7B83B700BD31AD /* scarfTests */ = {
			isa = PBXFileSystemSynchronizedRootGroup;
			path = scarfTests;
			sourceTree = "<group>";
		};
		5349595C2F7B83B700BD31AD /* scarfUITests */ = {
			isa = PBXFileSystemSynchronizedRootGroup;
			path = scarfUITests;
			sourceTree = "<group>";
		};
/* End PBXFileSystemSynchronizedRootGroup section */

/* Begin PBXFrameworksBuildPhase section */
		4EAC23262F99930000654F42 /* Frameworks */ = {
			isa = PBXFrameworksBuildPhase;
			buildActionMask = 2147483647;
			files = (
				53SCARFCORE0011 /* ScarfCore in Frameworks */,
				53SCARFDESIGN0011 /* ScarfDesign in Frameworks */,
				53SCARFIOS0010 /* ScarfIOS in Frameworks */,
			);
			runOnlyForDeploymentPostprocessing = 0;
		};
		4EAC23362F99930100654F42 /* Frameworks */ = {
			isa = PBXFrameworksBuildPhase;
			buildActionMask = 2147483647;
			files = (
			);
			runOnlyForDeploymentPostprocessing = 0;
		};
		4EAC23402F99930100654F42 /* Frameworks */ = {
			isa = PBXFrameworksBuildPhase;
			buildActionMask = 2147483647;
			files = (
			);
			runOnlyForDeploymentPostprocessing = 0;
		};
		5349593D2F7B83B600BD31AD /* Frameworks */ = {
			isa = PBXFrameworksBuildPhase;
			buildActionMask = 2147483647;
			files = (
				53C0F21B3050ED2E00934DA3 /* scarf-projects-mcp in Frameworks */,
				53495AB62F7B992C00BD31AD /* SwiftTerm in Frameworks */,
				53MARKER00010 /* Marker in Frameworks */,
				53SCARFCORE0010 /* ScarfCore in Frameworks */,
				53SCARFDESIGN0010 /* ScarfDesign in Frameworks */,
				53SPARKLE00010 /* Sparkle in Frameworks */,
				53SWIFTSTATS0010 /* Stats in Frameworks */,
				53SWIFTSTATS0011 /* StatsCloudflare in Frameworks */,
			);
			runOnlyForDeploymentPostprocessing = 0;
		};
		5349594C2F7B83B700BD31AD /* Frameworks */ = {
			isa = PBXFrameworksBuildPhase;
			buildActionMask = 2147483647;
			files = (
				53SWIFTSTATS0012 /* Stats in Frameworks */,
				53SWIFTSTATS0013 /* StatsTesting in Frameworks */,
			);
			runOnlyForDeploymentPostprocessing = 0;
		};
		534959562F7B83B700BD31AD /* Frameworks */ = {
			isa = PBXFrameworksBuildPhase;
			buildActionMask = 2147483647;
			files = (
			);
			runOnlyForDeploymentPostprocessing = 0;
		};
/* End PBXFrameworksBuildPhase section */

/* Begin PBXGroup section */
		534959372F7B83B600BD31AD = {
			isa = PBXGroup;
			children = (
				53CF9002000000000000A002 /* Configs */,
				534959422F7B83B600BD31AD /* scarf */,
				534959522F7B83B700BD31AD /* scarfTests */,
				5349595C2F7B83B700BD31AD /* scarfUITests */,
				4EAC232A2F99930000654F42 /* Scarf iOS */,
				4EAC233C2F99930100654F42 /* Scarf iOSTests */,
				4EAC23462F99930100654F42 /* Scarf iOSUITests */,
				534959412F7B83B600BD31AD /* Products */,
			);
			sourceTree = "<group>";
		};
		534959412F7B83B600BD31AD /* Products */ = {
			isa = PBXGroup;
			children = (
				534959402F7B83B600BD31AD /* scarf.app */,
				5349594F2F7B83B700BD31AD /* scarfTests.xctest */,
				534959592F7B83B700BD31AD /* scarfUITests.xctest */,
				4EAC23292F99930000654F42 /* scarf mobile.app */,
				4EAC23392F99930100654F42 /* Scarf iOSTests.xctest */,
				4EAC23432F99930100654F42 /* Scarf iOSUITests.xctest */,
			);
			name = Products;
			sourceTree = "<group>";
		};
		53CF9002000000000000A002 /* Configs */ = {
			isa = PBXGroup;
			children = (
				53CF9001000000000000A001 /* SwiftStats.xcconfig */,
			);
			path = Configs;
			sourceTree = "<group>";
		};
/* End PBXGroup section */

/* Begin PBXNativeTarget section */
		4EAC23282F99930000654F42 /* scarf mobile */ = {
			isa = PBXNativeTarget;
			buildConfigurationList = 4EAC234C2F99930100654F42 /* Build configuration list for PBXNativeTarget "scarf mobile" */;
			buildPhases = (
				4EAC23252F99930000654F42 /* Sources */,
				4EAC23262F99930000654F42 /* Frameworks */,
				4EAC23272F99930000654F42 /* Resources */,
			);
			buildRules = (
			);
			dependencies = (
			);
			fileSystemSynchronizedGroups = (
				4EAC232A2F99930000654F42 /* Scarf iOS */,
			);
			name = "scarf mobile";
			packageProductDependencies = (
				53SCARFCORE0002 /* ScarfCore */,
				53SCARFDESIGN0002 /* ScarfDesign */,
				53SCARFIOS0001 /* ScarfIOS */,
			);
			productName = "Scarf iOS";
			productReference = 4EAC23292F99930000654F42 /* scarf mobile.app */;
			productType = "com.apple.product-type.application";
		};
		4EAC23382F99930100654F42 /* Scarf iOSTests */ = {
			isa = PBXNativeTarget;
			buildConfigurationList = 4EAC234F2F99930100654F42 /* Build configuration list for PBXNativeTarget "Scarf iOSTests" */;
			buildPhases = (
				4EAC23352F99930100654F42 /* Sources */,
				4EAC23362F99930100654F42 /* Frameworks */,
				4EAC23372F99930100654F42 /* Resources */,
			);
			buildRules = (
			);
			dependencies = (
				4EAC233B2F99930100654F42 /* PBXTargetDependency */,
			);
			fileSystemSynchronizedGroups = (
				4EAC233C2F99930100654F42 /* Scarf iOSTests */,
			);
			name = "Scarf iOSTests";
			packageProductDependencies = (
			);
			productName = "Scarf iOSTests";
			productReference = 4EAC23392F99930100654F42 /* Scarf iOSTests.xctest */;
			productType = "com.apple.product-type.bundle.unit-test";
		};
		4EAC23422F99930100654F42 /* Scarf iOSUITests */ = {
			isa = PBXNativeTarget;
			buildConfigurationList = 4EAC23522F99930100654F42 /* Build configuration list for PBXNativeTarget "Scarf iOSUITests" */;
			buildPhases = (
				4EAC233F2F99930100654F42 /* Sources */,
				4EAC23402F99930100654F42 /* Frameworks */,
				4EAC23412F99930100654F42 /* Resources */,
			);
			buildRules = (
			);
			dependencies = (
				4EAC23452F99930100654F42 /* PBXTargetDependency */,
			);
			fileSystemSynchronizedGroups = (
				4EAC23462F99930100654F42 /* Scarf iOSUITests */,
			);
			name = "Scarf iOSUITests";
			packageProductDependencies = (
			);
			productName = "Scarf iOSUITests";
			productReference = 4EAC23432F99930100654F42 /* Scarf iOSUITests.xctest */;
			productType = "com.apple.product-type.bundle.ui-testing";
		};
		5349593F2F7B83B600BD31AD /* scarf */ = {
			isa = PBXNativeTarget;
			buildConfigurationList = 534959632F7B83B700BD31AD /* Build configuration list for PBXNativeTarget "scarf" */;
			buildPhases = (
				5349593C2F7B83B600BD31AD /* Sources */,
				5349593D2F7B83B600BD31AD /* Frameworks */,
				5349593E2F7B83B600BD31AD /* Resources */,
				53PROJMCP0030 /* Embed scarf-projects-mcp */,
			);
			buildRules = (
			);
			dependencies = (
			);
			fileSystemSynchronizedGroups = (
				534959422F7B83B600BD31AD /* scarf */,
			);
			name = scarf;
			packageProductDependencies = (
				53SWIFTTERM0001 /* SwiftTerm */,
				53MARKER00001 /* Marker */,
				53PROJMCP0001 /* scarf-projects-mcp */,
				53SCARFCORE0001 /* ScarfCore */,
				53SCARFDESIGN0001 /* ScarfDesign */,
				53SPARKLE00011 /* Sparkle */,
				53SWIFTSTATS0001 /* Stats */,
				53SWIFTSTATS0002 /* StatsCloudflare */,
			);
			productName = scarf;
			productReference = 534959402F7B83B600BD31AD /* scarf.app */;
			productType = "com.apple.product-type.application";
		};
		5349594E2F7B83B700BD31AD /* scarfTests */ = {
			isa = PBXNativeTarget;
			buildConfigurationList = 534959662F7B83B700BD31AD /* Build configuration list for PBXNativeTarget "scarfTests" */;
			buildPhases = (
				5349594B2F7B83B700BD31AD /* Sources */,
				5349594C2F7B83B700BD31AD /* Frameworks */,
				5349594D2F7B83B700BD31AD /* Resources */,
			);
			buildRules = (
			);
			dependencies = (
				534959512F7B83B700BD31AD /* PBXTargetDependency */,
			);
			fileSystemSynchronizedGroups = (
				534959522F7B83B700BD31AD /* scarfTests */,
			);
			name = scarfTests;
			packageProductDependencies = (
				53SWIFTSTATS0003 /* Stats */,
				53SWIFTSTATS0004 /* StatsTesting */,
			);
			productName = scarfTests;
			productReference = 5349594F2F7B83B700BD31AD /* scarfTests.xctest */;
			productType = "com.apple.product-type.bundle.unit-test";
		};
		534959582F7B83B700BD31AD /* scarfUITests */ = {
			isa = PBXNativeTarget;
			buildConfigurationList = 534959692F7B83B700BD31AD /* Build configuration list for PBXNativeTarget "scarfUITests" */;
			buildPhases = (
				534959552F7B83B700BD31AD /* Sources */,
				534959562F7B83B700BD31AD /* Frameworks */,
				534959572F7B83B700BD31AD /* Resources */,
			);
			buildRules = (
			);
			dependencies = (
				5349595B2F7B83B700BD31AD /* PBXTargetDependency */,
			);
			fileSystemSynchronizedGroups = (
				5349595C2F7B83B700BD31AD /* scarfUITests */,
			);
			name = scarfUITests;
			packageProductDependencies = (
			);
			productName = scarfUITests;
			productReference = 534959592F7B83B700BD31AD /* scarfUITests.xctest */;
			productType = "com.apple.product-type.bundle.ui-testing";
		};
/* End PBXNativeTarget section */

/* Begin PBXProject section */
		534959382F7B83B600BD31AD /* Project object */ = {
			isa = PBXProject;
			attributes = {
				BuildIndependentTargetsInParallel = 1;
				LastSwiftUpdateCheck = 2620;
				LastUpgradeCheck = 2630;
				TargetAttributes = {
					4EAC23282F99930000654F42 = {
						CreatedOnToolsVersion = 26.2;
					};
					4EAC23382F99930100654F42 = {
						CreatedOnToolsVersion = 26.2;
						TestTargetID = 4EAC23282F99930000654F42;
					};
					4EAC23422F99930100654F42 = {
						CreatedOnToolsVersion = 26.2;
						TestTargetID = 4EAC23282F99930000654F42;
					};
					5349593F2F7B83B600BD31AD = {
						CreatedOnToolsVersion = 26.3;
					};
					5349594E2F7B83B700BD31AD = {
						CreatedOnToolsVersion = 26.3;
						TestTargetID = 5349593F2F7B83B600BD31AD;
					};
					534959582F7B83B700BD31AD = {
						CreatedOnToolsVersion = 26.3;
						TestTargetID = 5349593F2F7B83B600BD31AD;
					};
				};
			};
			buildConfigurationList = 5349593B2F7B83B600BD31AD /* Build configuration list for PBXProject "scarf" */;
			developmentRegion = en;
			hasScannedForEncodings = 0;
			knownRegions = (
				en,
				Base,
				"zh-Hans",
				de,
				fr,
				es,
				ja,
				"pt-BR",
			);
			mainGroup = 534959372F7B83B600BD31AD;
			minimizedProjectReferenceProxies = 1;
			packageReferences = (
				53SWIFTTERM0002 /* XCRemoteSwiftPackageReference "SwiftTerm" */,
				53MARKER00020 /* XCRemoteSwiftPackageReference "Marker" */,
				53SCARFCORE0020 /* XCLocalSwiftPackageReference "Packages/ScarfCore" */,
				53SCARFDESIGN0020 /* XCLocalSwiftPackageReference "Packages/ScarfDesign" */,
				53SCARFIOS0020 /* XCLocalSwiftPackageReference "Packages/ScarfIOS" */,
				53SPARKLE00012 /* XCRemoteSwiftPackageReference "Sparkle" */,
				53SWIFTSTATS0020 /* XCRemoteSwiftPackageReference "swift-stats" */,
			);
			preferredProjectObjectVersion = 77;
			productRefGroup = 534959412F7B83B600BD31AD /* Products */;
			projectDirPath = "";
			projectRoot = "";
			targets = (
				5349593F2F7B83B600BD31AD /* scarf */,
				5349594E2F7B83B700BD31AD /* scarfTests */,
				534959582F7B83B700BD31AD /* scarfUITests */,
				4EAC23282F99930000654F42 /* scarf mobile */,
				4EAC23382F99930100654F42 /* Scarf iOSTests */,
				4EAC23422F99930100654F42 /* Scarf iOSUITests */,
			);
		};
/* End PBXProject section */

/* Begin PBXResourcesBuildPhase section */
		4EAC23272F99930000654F42 /* Resources */ = {
			isa = PBXResourcesBuildPhase;
			buildActionMask = 2147483647;
			files = (
			);
			runOnlyForDeploymentPostprocessing = 0;
		};
		4EAC23372F99930100654F42 /* Resources */ = {
			isa = PBXResourcesBuildPhase;
			buildActionMask = 2147483647;
			files = (
			);
			runOnlyForDeploymentPostprocessing = 0;
		};
		4EAC23412F99930100654F42 /* Resources */ = {
			isa = PBXResourcesBuildPhase;
			buildActionMask = 2147483647;
			files = (
			);
			runOnlyForDeploymentPostprocessing = 0;
		};
		5349593E2F7B83B600BD31AD /* Resources */ = {
			isa = PBXResourcesBuildPhase;
			buildActionMask = 2147483647;
			files = (
			);
			runOnlyForDeploymentPostprocessing = 0;
		};
		5349594D2F7B83B700BD31AD /* Resources */ = {
			isa = PBXResourcesBuildPhase;
			buildActionMask = 2147483647;
			files = (
			);
			runOnlyForDeploymentPostprocessing = 0;
		};
		534959572F7B83B700BD31AD /* Resources */ = {
			isa = PBXResourcesBuildPhase;
			buildActionMask = 2147483647;
			files = (
			);
			runOnlyForDeploymentPostprocessing = 0;
		};
/* End PBXResourcesBuildPhase section */

/* Begin PBXSourcesBuildPhase section */
		4EAC23252F99930000654F42 /* Sources */ = {
			isa = PBXSourcesBuildPhase;
			buildActionMask = 2147483647;
			files = (
			);
			runOnlyForDeploymentPostprocessing = 0;
		};
		4EAC23352F99930100654F42 /* Sources */ = {
			isa = PBXSourcesBuildPhase;
			buildActionMask = 2147483647;
			files = (
			);
			runOnlyForDeploymentPostprocessing = 0;
		};
		4EAC233F2F99930100654F42 /* Sources */ = {
			isa = PBXSourcesBuildPhase;
			buildActionMask = 2147483647;
			files = (
			);
			runOnlyForDeploymentPostprocessing = 0;
		};
		5349593C2F7B83B600BD31AD /* Sources */ = {
			isa = PBXSourcesBuildPhase;
			buildActionMask = 2147483647;
			files = (
			);
			runOnlyForDeploymentPostprocessing = 0;
		};
		5349594B2F7B83B700BD31AD /* Sources */ = {
			isa = PBXSourcesBuildPhase;
			buildActionMask = 2147483647;
			files = (
			);
			runOnlyForDeploymentPostprocessing = 0;
		};
		534959552F7B83B700BD31AD /* Sources */ = {
			isa = PBXSourcesBuildPhase;
			buildActionMask = 2147483647;
			files = (
			);
			runOnlyForDeploymentPostprocessing = 0;
		};
/* End PBXSourcesBuildPhase section */

/* Begin PBXTargetDependency section */
		4EAC233B2F99930100654F42 /* PBXTargetDependency */ = {
			isa = PBXTargetDependency;
			target = 4EAC23282F99930000654F42 /* scarf mobile */;
			targetProxy = 4EAC233A2F99930100654F42 /* PBXContainerItemProxy */;
		};
		4EAC23452F99930100654F42 /* PBXTargetDependency */ = {
			isa = PBXTargetDependency;
			target = 4EAC23282F99930000654F42 /* scarf mobile */;
			targetProxy = 4EAC23442F99930100654F42 /* PBXContainerItemProxy */;
		};
		534959512F7B83B700BD31AD /* PBXTargetDependency */ = {
			isa = PBXTargetDependency;
			target = 5349593F2F7B83B600BD31AD /* scarf */;
			targetProxy = 534959502F7B83B700BD31AD /* PBXContainerItemProxy */;
		};
		5349595B2F7B83B700BD31AD /* PBXTargetDependency */ = {
			isa = PBXTargetDependency;
			target = 5349593F2F7B83B600BD31AD /* scarf */;
			targetProxy = 5349595A2F7B83B700BD31AD /* PBXContainerItemProxy */;
		};
/* End PBXTargetDependency section */

/* Begin XCBuildConfiguration section */
		4EAC234D2F99930100654F42 /* Debug */ = {
			isa = XCBuildConfiguration;
			buildSettings = {
				ASSETCATALOG_COMPILER_APPICON_NAME = AppIcon;
				ASSETCATALOG_COMPILER_GLOBAL_ACCENT_COLOR_NAME = AccentColor;
				CODE_SIGN_ENTITLEMENTS = "Scarf iOS/Scarf_iOS.entitlements";
				CODE_SIGN_STYLE = Automatic;
				CURRENT_PROJECT_VERSION = 72;
				DEVELOPMENT_TEAM = 3Q6X2L86C4;
				ENABLE_PREVIEWS = YES;
				GENERATE_INFOPLIST_FILE = YES;
				INFOPLIST_FILE = "Scarf iOS/Info.plist";
				INFOPLIST_KEY_CFBundleDisplayName = ScarfGo;
				INFOPLIST_KEY_ITSAppUsesNonExemptEncryption = NO;
				INFOPLIST_KEY_LSApplicationCategoryType = "public.app-category.developer-tools";
				INFOPLIST_KEY_NSLocalNetworkUsageDescription = "ScarfGo connects to your self-hosted Hermes server over SSH, including servers on your local network.";
				INFOPLIST_KEY_UIApplicationSceneManifest_Generation = YES;
				INFOPLIST_KEY_UIApplicationSupportsIndirectInputEvents = YES;
				INFOPLIST_KEY_UISupportedInterfaceOrientations_iPad = "UIInterfaceOrientationPortrait UIInterfaceOrientationPortraitUpsideDown UIInterfaceOrientationLandscapeLeft UIInterfaceOrientationLandscapeRight";
				INFOPLIST_KEY_UISupportedInterfaceOrientations_iPhone = UIInterfaceOrientationPortrait;
				IPHONEOS_DEPLOYMENT_TARGET = 18.6;
				LD_RUNPATH_SEARCH_PATHS = (
					"$(inherited)",
					"@executable_path/Frameworks",
				);
				MARKETING_VERSION = 3.3.0;
				PRODUCT_BUNDLE_IDENTIFIER = com.scarfgo.app;
				PRODUCT_NAME = "$(TARGET_NAME)";
				SDKROOT = iphoneos;
				STRING_CATALOG_GENERATE_SYMBOLS = YES;
				SUPPORTED_PLATFORMS = "iphoneos iphonesimulator";
				SUPPORTS_MACCATALYST = NO;
				SUPPORTS_MAC_DESIGNED_FOR_IPHONE_IPAD = NO;
				SUPPORTS_XR_DESIGNED_FOR_IPHONE_IPAD = NO;
				SWIFT_APPROACHABLE_CONCURRENCY = YES;
				SWIFT_DEFAULT_ACTOR_ISOLATION = MainActor;
				SWIFT_EMIT_LOC_STRINGS = YES;
				SWIFT_UPCOMING_FEATURE_MEMBER_IMPORT_VISIBILITY = YES;
				SWIFT_VERSION = 5.0;
				TARGETED_DEVICE_FAMILY = 1;
			};
			name = Debug;
		};
		4EAC234E2F99930100654F42 /* Release */ = {
			isa = XCBuildConfiguration;
			buildSettings = {
				ASSETCATALOG_COMPILER_APPICON_NAME = AppIcon;
				ASSETCATALOG_COMPILER_GLOBAL_ACCENT_COLOR_NAME = AccentColor;
				CODE_SIGN_ENTITLEMENTS = "Scarf iOS/Scarf_iOS.entitlements";
				CODE_SIGN_STYLE = Automatic;
				CURRENT_PROJECT_VERSION = 72;
				DEVELOPMENT_TEAM = 3Q6X2L86C4;
				ENABLE_PREVIEWS = YES;
				GENERATE_INFOPLIST_FILE = YES;
				INFOPLIST_FILE = "Scarf iOS/Info.plist";
				INFOPLIST_KEY_CFBundleDisplayName = ScarfGo;
				INFOPLIST_KEY_ITSAppUsesNonExemptEncryption = NO;
				INFOPLIST_KEY_LSApplicationCategoryType = "public.app-category.developer-tools";
				INFOPLIST_KEY_NSLocalNetworkUsageDescription = "ScarfGo connects to your self-hosted Hermes server over SSH, including servers on your local network.";
				INFOPLIST_KEY_UIApplicationSceneManifest_Generation = YES;
				INFOPLIST_KEY_UIApplicationSupportsIndirectInputEvents = YES;
				INFOPLIST_KEY_UISupportedInterfaceOrientations_iPad = "UIInterfaceOrientationPortrait UIInterfaceOrientationPortraitUpsideDown UIInterfaceOrientationLandscapeLeft UIInterfaceOrientationLandscapeRight";
				INFOPLIST_KEY_UISupportedInterfaceOrientations_iPhone = UIInterfaceOrientationPortrait;
				IPHONEOS_DEPLOYMENT_TARGET = 18.6;
				LD_RUNPATH_SEARCH_PATHS = (
					"$(inherited)",
					"@executable_path/Frameworks",
				);
				MARKETING_VERSION = 3.3.0;
				PRODUCT_BUNDLE_IDENTIFIER = com.scarfgo.app;
				PRODUCT_NAME = "$(TARGET_NAME)";
				SDKROOT = iphoneos;
				STRING_CATALOG_GENERATE_SYMBOLS = YES;
				SUPPORTED_PLATFORMS = "iphoneos iphonesimulator";
				SUPPORTS_MACCATALYST = NO;
				SUPPORTS_MAC_DESIGNED_FOR_IPHONE_IPAD = NO;
				SUPPORTS_XR_DESIGNED_FOR_IPHONE_IPAD = NO;
				SWIFT_APPROACHABLE_CONCURRENCY = YES;
				SWIFT_DEFAULT_ACTOR_ISOLATION = MainActor;
				SWIFT_EMIT_LOC_STRINGS = YES;
				SWIFT_TREAT_WARNINGS_AS_ERRORS = YES;
				SWIFT_UPCOMING_FEATURE_MEMBER_IMPORT_VISIBILITY = YES;
				SWIFT_VERSION = 5.0;
				TARGETED_DEVICE_FAMILY = 1;
				VALIDATE_PRODUCT = YES;
			};
			name = Release;
		};
		4EAC23502F99930100654F42 /* Debug */ = {
			isa = XCBuildConfiguration;
			buildSettings = {
				BUNDLE_LOADER = "$(TEST_HOST)";
				CODE_SIGN_STYLE = Automatic;
				CURRENT_PROJECT_VERSION = 72;
				DEVELOPMENT_TEAM = 3Q6X2L86C4;
				GENERATE_INFOPLIST_FILE = YES;
				IPHONEOS_DEPLOYMENT_TARGET = 26.2;
				MARKETING_VERSION = 1.0;
				PRODUCT_BUNDLE_IDENTIFIER = "alanwizemann.Scarf-iOSTests";
				PRODUCT_NAME = "$(TARGET_NAME)";
				SDKROOT = iphoneos;
				STRING_CATALOG_GENERATE_SYMBOLS = NO;
				SWIFT_APPROACHABLE_CONCURRENCY = YES;
				SWIFT_EMIT_LOC_STRINGS = NO;
				SWIFT_UPCOMING_FEATURE_MEMBER_IMPORT_VISIBILITY = YES;
				SWIFT_VERSION = 5.0;
				TARGETED_DEVICE_FAMILY = "1,2";
				TEST_HOST = "$(BUILT_PRODUCTS_DIR)/scarf mobile.app/$(BUNDLE_EXECUTABLE_FOLDER_PATH)/scarf mobile";
			};
			name = Debug;
		};
		4EAC23512F99930100654F42 /* Release */ = {
			isa = XCBuildConfiguration;
			buildSettings = {
				BUNDLE_LOADER = "$(TEST_HOST)";
				CODE_SIGN_STYLE = Automatic;
				CURRENT_PROJECT_VERSION = 72;
				DEVELOPMENT_TEAM = 3Q6X2L86C4;
				GENERATE_INFOPLIST_FILE = YES;
				IPHONEOS_DEPLOYMENT_TARGET = 26.2;
				MARKETING_VERSION = 1.0;
				PRODUCT_BUNDLE_IDENTIFIER = "alanwizemann.Scarf-iOSTests";
				PRODUCT_NAME = "$(TARGET_NAME)";
				SDKROOT = iphoneos;
				STRING_CATALOG_GENERATE_SYMBOLS = NO;
				SWIFT_APPROACHABLE_CONCURRENCY = YES;
				SWIFT_EMIT_LOC_STRINGS = NO;
				SWIFT_TREAT_WARNINGS_AS_ERRORS = YES;
				SWIFT_UPCOMING_FEATURE_MEMBER_IMPORT_VISIBILITY = YES;
				SWIFT_VERSION = 5.0;
				TARGETED_DEVICE_FAMILY = "1,2";
				TEST_HOST = "$(BUILT_PRODUCTS_DIR)/scarf mobile.app/$(BUNDLE_EXECUTABLE_FOLDER_PATH)/scarf mobile";
				VALIDATE_PRODUCT = YES;
			};
			name = Release;
		};
		4EAC23532F99930100654F42 /* Debug */ = {
			isa = XCBuildConfiguration;
			buildSettings = {
				CODE_SIGN_STYLE = Automatic;
				CURRENT_PROJECT_VERSION = 72;
				DEVELOPMENT_TEAM = 3Q6X2L86C4;
				GENERATE_INFOPLIST_FILE = YES;
				IPHONEOS_DEPLOYMENT_TARGET = 26.2;
				MARKETING_VERSION = 1.0;
				PRODUCT_BUNDLE_IDENTIFIER = "alanwizemann.Scarf-iOSUITests";
				PRODUCT_NAME = "$(TARGET_NAME)";
				SDKROOT = iphoneos;
				STRING_CATALOG_GENERATE_SYMBOLS = NO;
				SWIFT_APPROACHABLE_CONCURRENCY = YES;
				SWIFT_EMIT_LOC_STRINGS = NO;
				SWIFT_UPCOMING_FEATURE_MEMBER_IMPORT_VISIBILITY = YES;
				SWIFT_VERSION = 5.0;
				TARGETED_DEVICE_FAMILY = "1,2";
				TEST_TARGET_NAME = "Scarf iOS";
			};
			name = Debug;
		};
		4EAC23542F99930100654F42 /* Release */ = {
			isa = XCBuildConfiguration;
			buildSettings = {
				CODE_SIGN_STYLE = Automatic;
				CURRENT_PROJECT_VERSION = 72;
				DEVELOPMENT_TEAM = 3Q6X2L86C4;
				GENERATE_INFOPLIST_FILE = YES;
				IPHONEOS_DEPLOYMENT_TARGET = 26.2;
				MARKETING_VERSION = 1.0;
				PRODUCT_BUNDLE_IDENTIFIER = "alanwizemann.Scarf-iOSUITests";
				PRODUCT_NAME = "$(TARGET_NAME)";
				SDKROOT = iphoneos;
				STRING_CATALOG_GENERATE_SYMBOLS = NO;
				SWIFT_APPROACHABLE_CONCURRENCY = YES;
				SWIFT_EMIT_LOC_STRINGS = NO;
				SWIFT_TREAT_WARNINGS_AS_ERRORS = YES;
				SWIFT_UPCOMING_FEATURE_MEMBER_IMPORT_VISIBILITY = YES;
				SWIFT_VERSION = 5.0;
				TARGETED_DEVICE_FAMILY = "1,2";
				TEST_TARGET_NAME = "Scarf iOS";
				VALIDATE_PRODUCT = YES;
			};
			name = Release;
		};
		534959612F7B83B700BD31AD /* Debug */ = {
			isa = XCBuildConfiguration;
			buildSettings = {
				ALWAYS_SEARCH_USER_PATHS = NO;
				ASSETCATALOG_COMPILER_GENERATE_SWIFT_ASSET_SYMBOL_EXTENSIONS = YES;
				CLANG_ANALYZER_LOCALIZABILITY_NONLOCALIZED = YES;
				CLANG_ANALYZER_NONNULL = YES;
				CLANG_ANALYZER_NUMBER_OBJECT_CONVERSION = YES_AGGRESSIVE;
				CLANG_CXX_LANGUAGE_STANDARD = "gnu++20";
				CLANG_ENABLE_MODULES = YES;
				CLANG_ENABLE_OBJC_ARC = YES;
				CLANG_ENABLE_OBJC_WEAK = YES;
				CLANG_WARN_BLOCK_CAPTURE_AUTORELEASING = YES;
				CLANG_WARN_BOOL_CONVERSION = YES;
				CLANG_WARN_COMMA = YES;
				CLANG_WARN_CONSTANT_CONVERSION = YES;
				CLANG_WARN_DEPRECATED_OBJC_IMPLEMENTATIONS = YES;
				CLANG_WARN_DIRECT_OBJC_ISA_USAGE = YES_ERROR;
				CLANG_WARN_DOCUMENTATION_COMMENTS = YES;
				CLANG_WARN_EMPTY_BODY = YES;
				CLANG_WARN_ENUM_CONVERSION = YES;
				CLANG_WARN_INFINITE_RECURSION = YES;
				CLANG_WARN_INT_CONVERSION = YES;
				CLANG_WARN_NON_LITERAL_NULL_CONVERSION = YES;
				CLANG_WARN_OBJC_IMPLICIT_RETAIN_SELF = YES;
				CLANG_WARN_OBJC_LITERAL_CONVERSION = YES;
				CLANG_WARN_OBJC_ROOT_CLASS = YES_ERROR;
				CLANG_WARN_QUOTED_INCLUDE_IN_FRAMEWORK_HEADER = YES;
				CLANG_WARN_RANGE_LOOP_ANALYSIS = YES;
				CLANG_WARN_STRICT_PROTOTYPES = YES;
				CLANG_WARN_SUSPICIOUS_MOVE = YES;
				CLANG_WARN_UNGUARDED_AVAILABILITY = YES_AGGRESSIVE;
				CLANG_WARN_UNREACHABLE_CODE = YES;
				CLANG_WARN__DUPLICATE_METHOD_MATCH = YES;
				COPY_PHASE_STRIP = NO;
				DEAD_CODE_STRIPPING = YES;
				DEBUG_INFORMATION_FORMAT = dwarf;
				DEVELOPMENT_TEAM = 3Q6X2L86C4;
				ENABLE_STRICT_OBJC_MSGSEND = YES;
				ENABLE_TESTABILITY = YES;
				ENABLE_USER_SCRIPT_SANDBOXING = YES;
				GCC_C_LANGUAGE_STANDARD = gnu17;
				GCC_DYNAMIC_NO_PIC = NO;
				GCC_NO_COMMON_BLOCKS = YES;
				GCC_OPTIMIZATION_LEVEL = 0;
				GCC_PREPROCESSOR_DEFINITIONS = (
					"DEBUG=1",
					"$(inherited)",
				);
				GCC_WARN_64_TO_32_BIT_CONVERSION = YES;
				GCC_WARN_ABOUT_RETURN_TYPE = YES_ERROR;
				GCC_WARN_UNDECLARED_SELECTOR = YES;
				GCC_WARN_UNINITIALIZED_AUTOS = YES_AGGRESSIVE;
				GCC_WARN_UNUSED_FUNCTION = YES;
				GCC_WARN_UNUSED_VARIABLE = YES;
				LOCALIZATION_PREFERS_STRING_CATALOGS = YES;
				MACOSX_DEPLOYMENT_TARGET = 26.2;
				MTL_ENABLE_DEBUG_INFO = INCLUDE_SOURCE;
				MTL_FAST_MATH = YES;
				ONLY_ACTIVE_ARCH = YES;
				SDKROOT = macosx;
				STRING_CATALOG_GENERATE_SYMBOLS = YES;
				SWIFT_ACTIVE_COMPILATION_CONDITIONS = "DEBUG $(inherited)";
				SWIFT_OPTIMIZATION_LEVEL = "-Onone";
			};
			name = Debug;
		};
		534959622F7B83B700BD31AD /* Release */ = {
			isa = XCBuildConfiguration;
			buildSettings = {
				ALWAYS_SEARCH_USER_PATHS = NO;
				ASSETCATALOG_COMPILER_GENERATE_SWIFT_ASSET_SYMBOL_EXTENSIONS = YES;
				CLANG_ANALYZER_LOCALIZABILITY_NONLOCALIZED = YES;
				CLANG_ANALYZER_NONNULL = YES;
				CLANG_ANALYZER_NUMBER_OBJECT_CONVERSION = YES_AGGRESSIVE;
				CLANG_CXX_LANGUAGE_STANDARD = "gnu++20";
				CLANG_ENABLE_MODULES = YES;
				CLANG_ENABLE_OBJC_ARC = YES;
				CLANG_ENABLE_OBJC_WEAK = YES;
				CLANG_WARN_BLOCK_CAPTURE_AUTORELEASING = YES;
				CLANG_WARN_BOOL_CONVERSION = YES;
				CLANG_WARN_COMMA = YES;
				CLANG_WARN_CONSTANT_CONVERSION = YES;
				CLANG_WARN_DEPRECATED_OBJC_IMPLEMENTATIONS = YES;
				CLANG_WARN_DIRECT_OBJC_ISA_USAGE = YES_ERROR;
				CLANG_WARN_DOCUMENTATION_COMMENTS = YES;
				CLANG_WARN_EMPTY_BODY = YES;
				CLANG_WARN_ENUM_CONVERSION = YES;
				CLANG_WARN_INFINITE_RECURSION = YES;
				CLANG_WARN_INT_CONVERSION = YES;
				CLANG_WARN_NON_LITERAL_NULL_CONVERSION = YES;
				CLANG_WARN_OBJC_IMPLICIT_RETAIN_SELF = YES;
				CLANG_WARN_OBJC_LITERAL_CONVERSION = YES;
				CLANG_WARN_OBJC_ROOT_CLASS = YES_ERROR;
				CLANG_WARN_QUOTED_INCLUDE_IN_FRAMEWORK_HEADER = YES;
				CLANG_WARN_RANGE_LOOP_ANALYSIS = YES;
				CLANG_WARN_STRICT_PROTOTYPES = YES;
				CLANG_WARN_SUSPICIOUS_MOVE = YES;
				CLANG_WARN_UNGUARDED_AVAILABILITY = YES_AGGRESSIVE;
				CLANG_WARN_UNREACHABLE_CODE = YES;
				CLANG_WARN__DUPLICATE_METHOD_MATCH = YES;
				COPY_PHASE_STRIP = NO;
				DEAD_CODE_STRIPPING = YES;
				DEBUG_INFORMATION_FORMAT = "dwarf-with-dsym";
				DEVELOPMENT_TEAM = 3Q6X2L86C4;
				ENABLE_NS_ASSERTIONS = NO;
				ENABLE_STRICT_OBJC_MSGSEND = YES;
				ENABLE_USER_SCRIPT_SANDBOXING = YES;
				GCC_C_LANGUAGE_STANDARD = gnu17;
				GCC_NO_COMMON_BLOCKS = YES;
				GCC_WARN_64_TO_32_BIT_CONVERSION = YES;
				GCC_WARN_ABOUT_RETURN_TYPE = YES_ERROR;
				GCC_WARN_UNDECLARED_SELECTOR = YES;
				GCC_WARN_UNINITIALIZED_AUTOS = YES_AGGRESSIVE;
				GCC_WARN_UNUSED_FUNCTION = YES;
				GCC_WARN_UNUSED_VARIABLE = YES;
				LOCALIZATION_PREFERS_STRING_CATALOGS = YES;
				MACOSX_DEPLOYMENT_TARGET = 26.2;
				MTL_ENABLE_DEBUG_INFO = NO;
				MTL_FAST_MATH = YES;
				SDKROOT = macosx;
				STRING_CATALOG_GENERATE_SYMBOLS = YES;
				SWIFT_COMPILATION_MODE = wholemodule;
				SWIFT_TREAT_WARNINGS_AS_ERRORS = YES;
			};
			name = Release;
		};
		534959642F7B83B700BD31AD /* Debug */ = {
			isa = XCBuildConfiguration;
			baseConfigurationReference = 53CF9001000000000000A001 /* SwiftStats.xcconfig */;
			buildSettings = {
				ASSETCATALOG_COMPILER_APPICON_NAME = AppIcon;
				ASSETCATALOG_COMPILER_GLOBAL_ACCENT_COLOR_NAME = AccentColor;
				ASSETCATALOG_COMPILER_INCLUDE_ALL_APPICON_ASSETS = YES;
				CODE_SIGN_ENTITLEMENTS = scarf/scarf.entitlements;
				CODE_SIGN_STYLE = Automatic;
				COMBINE_HIDPI_IMAGES = YES;
				CURRENT_PROJECT_VERSION = 72;
				DEAD_CODE_STRIPPING = YES;
				DEVELOPMENT_TEAM = 3Q6X2L86C4;
				ENABLE_APP_SANDBOX = NO;
				ENABLE_HARDENED_RUNTIME = YES;
				ENABLE_PREVIEWS = YES;
				GENERATE_INFOPLIST_FILE = NO;
				INFOPLIST_FILE = scarf/Info.plist;
				INFOPLIST_KEY_CFBundleDisplayName = Scarf;
				LD_RUNPATH_SEARCH_PATHS = (
					"$(inherited)",
					"@executable_path/../Frameworks",
				);
				MACOSX_DEPLOYMENT_TARGET = 15.0;
				MARKETING_VERSION = 3.3.0;
				PRODUCT_BUNDLE_IDENTIFIER = com.scarf.app;
				PRODUCT_NAME = "$(TARGET_NAME)";
				REGISTER_APP_GROUPS = YES;
				STRING_CATALOG_GENERATE_SYMBOLS = YES;
				SWIFT_APPROACHABLE_CONCURRENCY = YES;
				SWIFT_DEFAULT_ACTOR_ISOLATION = MainActor;
				SWIFT_EMIT_LOC_STRINGS = YES;
				SWIFT_UPCOMING_FEATURE_MEMBER_IMPORT_VISIBILITY = YES;
				SWIFT_VERSION = 5.0;
			};
			name = Debug;
		};
		534959652F7B83B700BD31AD /* Release */ = {
			isa = XCBuildConfiguration;
			baseConfigurationReference = 53CF9001000000000000A001 /* SwiftStats.xcconfig */;
			buildSettings = {
				ASSETCATALOG_COMPILER_APPICON_NAME = AppIcon;
				ASSETCATALOG_COMPILER_GLOBAL_ACCENT_COLOR_NAME = AccentColor;
				ASSETCATALOG_COMPILER_INCLUDE_ALL_APPICON_ASSETS = YES;
				CODE_SIGN_ENTITLEMENTS = scarf/scarf.entitlements;
				CODE_SIGN_STYLE = Automatic;
				COMBINE_HIDPI_IMAGES = YES;
				CURRENT_PROJECT_VERSION = 72;
				DEAD_CODE_STRIPPING = YES;
				DEVELOPMENT_TEAM = 3Q6X2L86C4;
				ENABLE_APP_SANDBOX = NO;
				ENABLE_HARDENED_RUNTIME = YES;
				ENABLE_PREVIEWS = YES;
				GENERATE_INFOPLIST_FILE = NO;
				INFOPLIST_FILE = scarf/Info.plist;
				INFOPLIST_KEY_CFBundleDisplayName = Scarf;
				LD_RUNPATH_SEARCH_PATHS = (
					"$(inherited)",
					"@executable_path/../Frameworks",
				);
				MACOSX_DEPLOYMENT_TARGET = 15.0;
				MARKETING_VERSION = 3.3.0;
				PRODUCT_BUNDLE_IDENTIFIER = com.scarf.app;
				PRODUCT_NAME = "$(TARGET_NAME)";
				REGISTER_APP_GROUPS = YES;
				STRING_CATALOG_GENERATE_SYMBOLS = YES;
				SWIFT_APPROACHABLE_CONCURRENCY = YES;
				SWIFT_DEFAULT_ACTOR_ISOLATION = MainActor;
				SWIFT_EMIT_LOC_STRINGS = YES;
				SWIFT_TREAT_WARNINGS_AS_ERRORS = YES;
				SWIFT_UPCOMING_FEATURE_MEMBER_IMPORT_VISIBILITY = YES;
				SWIFT_VERSION = 5.0;
			};
			name = Release;
		};
		534959672F7B83B700BD31AD /* Debug */ = {
			isa = XCBuildConfiguration;
			buildSettings = {
				BUNDLE_LOADER = "$(TEST_HOST)";
				CODE_SIGN_STYLE = Automatic;
				CURRENT_PROJECT_VERSION = 72;
				DEAD_CODE_STRIPPING = YES;
				DEVELOPMENT_TEAM = 3Q6X2L86C4;
				GENERATE_INFOPLIST_FILE = YES;
				MACOSX_DEPLOYMENT_TARGET = 26.2;
				MARKETING_VERSION = 3.3.0;
				PRODUCT_BUNDLE_IDENTIFIER = com.scarfTests;
				PRODUCT_NAME = "$(TARGET_NAME)";
				STRING_CATALOG_GENERATE_SYMBOLS = NO;
				SWIFT_APPROACHABLE_CONCURRENCY = YES;
				SWIFT_EMIT_LOC_STRINGS = NO;
				SWIFT_UPCOMING_FEATURE_MEMBER_IMPORT_VISIBILITY = YES;
				SWIFT_VERSION = 5.0;
				TEST_HOST = "$(BUILT_PRODUCTS_DIR)/scarf.app/$(BUNDLE_EXECUTABLE_FOLDER_PATH)/scarf";
			};
			name = Debug;
		};
		534959682F7B83B700BD31AD /* Release */ = {
			isa = XCBuildConfiguration;
			buildSettings = {
				BUNDLE_LOADER = "$(TEST_HOST)";
				CODE_SIGN_STYLE = Automatic;
				CURRENT_PROJECT_VERSION = 72;
				DEAD_CODE_STRIPPING = YES;
				DEVELOPMENT_TEAM = 3Q6X2L86C4;
				GENERATE_INFOPLIST_FILE = YES;
				MACOSX_DEPLOYMENT_TARGET = 26.2;
				MARKETING_VERSION = 3.3.0;
				PRODUCT_BUNDLE_IDENTIFIER = com.scarfTests;
				PRODUCT_NAME = "$(TARGET_NAME)";
				STRING_CATALOG_GENERATE_SYMBOLS = NO;
				SWIFT_APPROACHABLE_CONCURRENCY = YES;
				SWIFT_EMIT_LOC_STRINGS = NO;
				SWIFT_TREAT_WARNINGS_AS_ERRORS = YES;
				SWIFT_UPCOMING_FEATURE_MEMBER_IMPORT_VISIBILITY = YES;
				SWIFT_VERSION = 5.0;
				TEST_HOST = "$(BUILT_PRODUCTS_DIR)/scarf.app/$(BUNDLE_EXECUTABLE_FOLDER_PATH)/scarf";
			};
			name = Release;
		};
		5349596A2F7B83B700BD31AD /* Debug */ = {
			isa = XCBuildConfiguration;
			buildSettings = {
				CODE_SIGN_STYLE = Automatic;
				CURRENT_PROJECT_VERSION = 72;
				DEAD_CODE_STRIPPING = YES;
				DEVELOPMENT_TEAM = 3Q6X2L86C4;
				GENERATE_INFOPLIST_FILE = YES;
				MARKETING_VERSION = 3.3.0;
				PRODUCT_BUNDLE_IDENTIFIER = com.scarfUITests;
				PRODUCT_NAME = "$(TARGET_NAME)";
				STRING_CATALOG_GENERATE_SYMBOLS = NO;
				SWIFT_APPROACHABLE_CONCURRENCY = YES;
				SWIFT_EMIT_LOC_STRINGS = NO;
				SWIFT_UPCOMING_FEATURE_MEMBER_IMPORT_VISIBILITY = YES;
				SWIFT_VERSION = 5.0;
				TEST_TARGET_NAME = scarf;
			};
			name = Debug;
		};
		5349596B2F7B83B700BD31AD /* Release */ = {
			isa = XCBuildConfiguration;
			buildSettings = {
				CODE_SIGN_STYLE = Automatic;
				CURRENT_PROJECT_VERSION = 72;
				DEAD_CODE_STRIPPING = YES;
				DEVELOPMENT_TEAM = 3Q6X2L86C4;
				GENERATE_INFOPLIST_FILE = YES;
				MARKETING_VERSION = 3.3.0;
				PRODUCT_BUNDLE_IDENTIFIER = com.scarfUITests;
				PRODUCT_NAME = "$(TARGET_NAME)";
				STRING_CATALOG_GENERATE_SYMBOLS = NO;
				SWIFT_APPROACHABLE_CONCURRENCY = YES;
				SWIFT_EMIT_LOC_STRINGS = NO;
				SWIFT_TREAT_WARNINGS_AS_ERRORS = YES;
				SWIFT_UPCOMING_FEATURE_MEMBER_IMPORT_VISIBILITY = YES;
				SWIFT_VERSION = 5.0;
				TEST_TARGET_NAME = scarf;
			};
			name = Release;
		};
/* End XCBuildConfiguration section */

/* Begin XCConfigurationList section */
		4EAC234C2F99930100654F42 /* Build configuration list for PBXNativeTarget "scarf mobile" */ = {
			isa = XCConfigurationList;
			buildConfigurations = (
				4EAC234D2F99930100654F42 /* Debug */,
				4EAC234E2F99930100654F42 /* Release */,
			);
			defaultConfigurationIsVisible = 0;
			defaultConfigurationName = Release;
		};
		4EAC234F2F99930100654F42 /* Build configuration list for PBXNativeTarget "Scarf iOSTests" */ = {
			isa = XCConfigurationList;
			buildConfigurations = (
				4EAC23502F99930100654F42 /* Debug */,
				4EAC23512F99930100654F42 /* Release */,
			);
			defaultConfigurationIsVisible = 0;
			defaultConfigurationName = Release;
		};
		4EAC23522F99930100654F42 /* Build configuration list for PBXNativeTarget "Scarf iOSUITests" */ = {
			isa = XCConfigurationList;
			buildConfigurations = (
				4EAC23532F99930100654F42 /* Debug */,
				4EAC23542F99930100654F42 /* Release */,
			);
			defaultConfigurationIsVisible = 0;
			defaultConfigurationName = Release;
		};
		5349593B2F7B83B600BD31AD /* Build configuration list for PBXProject "scarf" */ = {
			isa = XCConfigurationList;
			buildConfigurations = (
				534959612F7B83B700BD31AD /* Debug */,
				534959622F7B83B700BD31AD /* Release */,
			);
			defaultConfigurationIsVisible = 0;
			defaultConfigurationName = Release;
		};
		534959632F7B83B700BD31AD /* Build configuration list for PBXNativeTarget "scarf" */ = {
			isa = XCConfigurationList;
			buildConfigurations = (
				534959642F7B83B700BD31AD /* Debug */,
				534959652F7B83B700BD31AD /* Release */,
			);
			defaultConfigurationIsVisible = 0;
			defaultConfigurationName = Release;
		};
		534959662F7B83B700BD31AD /* Build configuration list for PBXNativeTarget "scarfTests" */ = {
			isa = XCConfigurationList;
			buildConfigurations = (
				534959672F7B83B700BD31AD /* Debug */,
				534959682F7B83B700BD31AD /* Release */,
			);
			defaultConfigurationIsVisible = 0;
			defaultConfigurationName = Release;
		};
		534959692F7B83B700BD31AD /* Build configuration list for PBXNativeTarget "scarfUITests" */ = {
			isa = XCConfigurationList;
			buildConfigurations = (
				5349596A2F7B83B700BD31AD /* Debug */,
				5349596B2F7B83B700BD31AD /* Release */,
			);
			defaultConfigurationIsVisible = 0;
			defaultConfigurationName = Release;
		};
/* End XCConfigurationList section */

/* Begin XCLocalSwiftPackageReference section */
		53SCARFCORE0020 /* XCLocalSwiftPackageReference "Packages/ScarfCore" */ = {
			isa = XCLocalSwiftPackageReference;
			relativePath = Packages/ScarfCore;
		};
		53SCARFDESIGN0020 /* XCLocalSwiftPackageReference "Packages/ScarfDesign" */ = {
			isa = XCLocalSwiftPackageReference;
			relativePath = Packages/ScarfDesign;
		};
		53SCARFIOS0020 /* XCLocalSwiftPackageReference "Packages/ScarfIOS" */ = {
			isa = XCLocalSwiftPackageReference;
			relativePath = Packages/ScarfIOS;
		};
/* End XCLocalSwiftPackageReference section */

/* Begin XCRemoteSwiftPackageReference section */
		53MARKER00020 /* XCRemoteSwiftPackageReference "Marker" */ = {
			isa = XCRemoteSwiftPackageReference;
			repositoryURL = "https://github.com/awizemann/Marker";
			requirement = {
				kind = upToNextMajorVersion;
				minimumVersion = 0.9.0;
			};
		};
		53SPARKLE00012 /* XCRemoteSwiftPackageReference "Sparkle" */ = {
			isa = XCRemoteSwiftPackageReference;
			repositoryURL = "https://github.com/sparkle-project/Sparkle";
			requirement = {
				kind = upToNextMajorVersion;
				minimumVersion = 2.6.0;
			};
		};
		53SWIFTSTATS0020 /* XCRemoteSwiftPackageReference "swift-stats" */ = {
			isa = XCRemoteSwiftPackageReference;
			repositoryURL = "https://github.com/awizemann/swift-stats.git";
			requirement = {
				kind = upToNextMajorVersion;
				minimumVersion = 0.2.0;
			};
		};
		53SWIFTTERM0002 /* XCRemoteSwiftPackageReference "SwiftTerm" */ = {
			isa = XCRemoteSwiftPackageReference;
			repositoryURL = "https://github.com/migueldeicaza/SwiftTerm.git";
			requirement = {
				kind = upToNextMajorVersion;
				minimumVersion = 1.0.0;
			};
		};
/* End XCRemoteSwiftPackageReference section */

/* Begin XCSwiftPackageProductDependency section */
		53MARKER00001 /* Marker */ = {
			isa = XCSwiftPackageProductDependency;
			package = 53MARKER00020 /* XCRemoteSwiftPackageReference "Marker" */;
			productName = Marker;
		};
		53PROJMCP0001 /* scarf-projects-mcp */ = {
			isa = XCSwiftPackageProductDependency;
			productName = "scarf-projects-mcp";
		};
		53SCARFCORE0001 /* ScarfCore */ = {
			isa = XCSwiftPackageProductDependency;
			productName = ScarfCore;
		};
		53SCARFCORE0002 /* ScarfCore */ = {
			isa = XCSwiftPackageProductDependency;
			productName = ScarfCore;
		};
		53SCARFDESIGN0001 /* ScarfDesign */ = {
			isa = XCSwiftPackageProductDependency;
			productName = ScarfDesign;
		};
		53SCARFDESIGN0002 /* ScarfDesign */ = {
			isa = XCSwiftPackageProductDependency;
			productName = ScarfDesign;
		};
		53SCARFIOS0001 /* ScarfIOS */ = {
			isa = XCSwiftPackageProductDependency;
			productName = ScarfIOS;
		};
		53SPARKLE00011 /* Sparkle */ = {
			isa = XCSwiftPackageProductDependency;
			package = 53SPARKLE00012 /* XCRemoteSwiftPackageReference "Sparkle" */;
			productName = Sparkle;
		};
		53SWIFTSTATS0001 /* Stats */ = {
			isa = XCSwiftPackageProductDependency;
			package = 53SWIFTSTATS0020 /* XCRemoteSwiftPackageReference "swift-stats" */;
			productName = Stats;
		};
		53SWIFTSTATS0002 /* StatsCloudflare */ = {
			isa = XCSwiftPackageProductDependency;
			package = 53SWIFTSTATS0020 /* XCRemoteSwiftPackageReference "swift-stats" */;
			productName = StatsCloudflare;
		};
		53SWIFTSTATS0003 /* Stats */ = {
			isa = XCSwiftPackageProductDependency;
			package = 53SWIFTSTATS0020 /* XCRemoteSwiftPackageReference "swift-stats" */;
			productName = Stats;
		};
		53SWIFTSTATS0004 /* StatsTesting */ = {
			isa = XCSwiftPackageProductDependency;
			package = 53SWIFTSTATS0020 /* XCRemoteSwiftPackageReference "swift-stats" */;
			productName = StatsTesting;
		};
		53SWIFTTERM0001 /* SwiftTerm */ = {
			isa = XCSwiftPackageProductDependency;
			package = 53SWIFTTERM0002 /* XCRemoteSwiftPackageReference "SwiftTerm" */;
			productName = SwiftTerm;
		};
/* End XCSwiftPackageProductDependency section */
	};
	rootObject = 534959382F7B83B600BD31AD /* Project object */;
}
